
Microsoft Visual Studio Solution File, Format Version 12.00
# Visual Studio 15
VisualStudioVersion = 15.0.26430.14
MinimumVisualStudioVersion = 10.0.40219.1
Project("{FAE04EC0-301F-11D3-BF4B-00C04F79EFBC}") = "CSGSI Forms", "CSGSI Forms\CSGSI Forms.csproj", "{0536A4EE-E785-4B41-8234-1415BF13F11F}"
EndProject
Project("{FAE04EC0-301F-11D3-BF4B-00C04F79EFBC}") = "Downloader", "Unpacker\Downloader.csproj", "{91130E21-6888-42DC-9E32-A346DF0E9606}"
EndProject
Project("{FAE04EC0-301F-11D3-BF4B-00C04F79EFBC}") = "Server", "Server\Server.csproj", "{294F5B7A-DD78-41ED-A847-5F9F070AE094}"
EndProject
Project("{FAE04EC0-301F-11D3-BF4B-00C04F79EFBC}") = "DownloaderWPF", "DownloaderWPF\DownloaderWPF.csproj", "{6B6831D2-0857-4D98-B344-C8B8A93738E8}"
EndProject
Global
	GlobalSection(SolutionConfigurationPlatforms) = preSolution
		Debug|Any CPU = Debug|Any CPU
		Release|Any CPU = Release|Any CPU
	EndGlobalSection
	GlobalSection(ProjectConfigurationPlatforms) = postSolution
		{0536A4EE-E785-4B41-8234-1415BF13F11F}.Debug|Any CPU.ActiveCfg = Debug|Any CPU
		{0536A4EE-E785-4B41-8234-1415BF13F11F}.Debug|Any CPU.Build.0 = Debug|Any CPU
		{0536A4EE-E785-4B41-8234-1415BF13F11F}.Release|Any CPU.ActiveCfg = Release|Any CPU
		{0536A4EE-E785-4B41-8234-1415BF13F11F}.Release|Any CPU.Build.0 = Release|Any CPU
		{91130E21-6888-42DC-9E32-A346DF0E9606}.Debug|Any CPU.ActiveCfg = Debug|Any CPU
		{91130E21-6888-42DC-9E32-A346DF0E9606}.Debug|Any CPU.Build.0 = Debug|Any CPU
		{91130E21-6888-42DC-9E32-A346DF0E9606}.Release|Any CPU.ActiveCfg = Release|Any CPU
		{91130E21-6888-42DC-9E32-A346DF0E9606}.Release|Any CPU.Build.0 = Release|Any CPU
		{294F5B7A-DD78-41ED-A847-5F9F070AE094}.Debug|Any CPU.ActiveCfg = Debug|Any CPU
		{294F5B7A-DD78-41ED-A847-5F9F070AE094}.Debug|Any CPU.Build.0 = Debug|Any CPU
		{294F5B7A-DD78-41ED-A847-5F9F070AE094}.Release|Any CPU.ActiveCfg = Release|Any CPU
		{294F5B7A-DD78-41ED-A847-5F9F070AE094}.Release|Any CPU.Build.0 = Release|Any CPU
		{6B6831D2-0857-4D98-B344-C8B8A93738E8}.Debug|Any CPU.ActiveCfg = Debug|Any CPU
		{6B6831D2-0857-4D98-B344-C8B8A93738E8}.Debug|Any CPU.Build.0 = Debug|Any CPU
		{6B6831D2-0857-4D98-B344-C8B8A93738E8}.Release|Any CPU.ActiveCfg = Release|Any CPU
		{6B6831D2-0857-4D98-B344-C8B8A93738E8}.Release|Any CPU.Build.0 = Release|Any CPU
	EndGlobalSection
	GlobalSection(SolutionProperties) = preSolution
		HideSolutionNode = FALSE
	EndGlobalSection
EndGlobal
